
Microsoft Visual Studio Solution File, Format Version 12.00
# Visual Studio Version 17
VisualStudioVersion = 17.5.002.0
MinimumVisualStudioVersion = 10.0.40219.1
Project("{9A19103F-16F7-4668-BE54-9A1E7A4F7556}") = "BanqueTests", "BanqueTests.csproj", "{4201F681-F21F-43BB-97D1-EC229942519D}"
EndProject
Global
	GlobalSection(SolutionConfigurationPlatforms) = preSolution
		Debug|Any CPU = Debug|Any CPU
		Release|Any CPU = Release|Any CPU
	EndGlobalSection
	GlobalSection(ProjectConfigurationPlatforms) = postSolution
		{4201F681-F21F-43BB-97D1-EC229942519D}.Debug|Any CPU.ActiveCfg = Debug|Any CPU
		{4201F681-F21F-43BB-97D1-EC229942519D}.Debug|Any CPU.Build.0 = Debug|Any CPU
		{4201F681-F21F-43BB-97D1-EC229942519D}.Release|Any CPU.ActiveCfg = Release|Any CPU
		{4201F681-F21F-43BB-97D1-EC229942519D}.Release|Any CPU.Build.0 = Release|Any CPU
	EndGlobalSection
	GlobalSection(SolutionProperties) = preSolution
		HideSolutionNode = FALSE
	EndGlobalSection
	GlobalSection(ExtensibilityGlobals) = postSolution
		SolutionGuid = {33F66856-7FC4-4598-8BA4-76BAD2247612}
	EndGlobalSection
EndGlobal
